// !$*UTF8*$!
{
	archiveVersion = 1;
	classes = {
	};
	objectVersion = 60;
	objects = {

/* Begin PBXBuildFile section */
		7A3188DF2B3849E60044761B /* Beatz_Fitness.swift in Sources */ = {isa = PBXBuildFile; fileRef = 7A3188DE2B3849E60044761B /* Beatz_Fitness.swift */; };
		7A3188E12B3849E60044761B /* TrainingPlanScreen.swift in Sources */ = {isa = PBXBuildFile; fileRef = 7A3188E02B3849E60044761B /* TrainingPlanScreen.swift */; };
		7A3188F72B384CA40044761B /* UIComponents in Frameworks */ = {isa = PBXBuildFile; productRef = 7A3188F62B384CA40044761B /* UIComponents */; };
		7A3188FB2B3856100044761B /* Styleguide in Frameworks */ = {isa = PBXBuildFile; productRef = 7A3188FA2B3856100044761B /* Styleguide */; };
		7A3189032B38604C0044761B /* Pods_Beatz_Fitness.framework in Frameworks */ = {isa = PBXBuildFile; fileRef = 94D96A35215996C2FDB748A6 /* Pods_Beatz_Fitness.framework */; };
		7A3189042B38604C0044761B /* Pods_Beatz_Fitness.framework in Embed Frameworks */ = {isa = PBXBuildFile; fileRef = 94D96A35215996C2FDB748A6 /* Pods_Beatz_Fitness.framework */; settings = {ATTRIBUTES = (CodeSignOnCopy, RemoveHeadersOnCopy, ); }; };
		7A5571842B3C0E2600E61CE0 /* TabView.swift in Sources */ = {isa = PBXBuildFile; fileRef = 7A5571832B3C0E2600E61CE0 /* TabView.swift */; };
		7A5571862B3C129C00E61CE0 /* SplitDetailScreen.swift in Sources */ = {isa = PBXBuildFile; fileRef = 7A5571852B3C129C00E61CE0 /* SplitDetailScreen.swift */; };
		7A5571882B3C156C00E61CE0 /* TrainingDiaryScreen.swift in Sources */ = {isa = PBXBuildFile; fileRef = 7A5571872B3C156C00E61CE0 /* TrainingDiaryScreen.swift */; };
		7A55718D2B3C1C2F00E61CE0 /* CoreDataModel.xcdatamodel in Sources */ = {isa = PBXBuildFile; fileRef = 7A55718C2B3C1C2F00E61CE0 /* CoreDataModel.xcdatamodel */; };
		7A55719A2B3C1CBE00E61CE0 /* TrainingSetModel.swift in Sources */ = {isa = PBXBuildFile; fileRef = 7A5571902B3C1CBC00E61CE0 /* TrainingSetModel.swift */; };
		7A55719C2B3C1CBE00E61CE0 /* TimerEntityModel.swift in Sources */ = {isa = PBXBuildFile; fileRef = 7A5571922B3C1CBD00E61CE0 /* TimerEntityModel.swift */; };
		7A55719D2B3C1CBE00E61CE0 /* DiaryEntryModel.swift in Sources */ = {isa = PBXBuildFile; fileRef = 7A5571932B3C1CBD00E61CE0 /* DiaryEntryModel.swift */; };
		7A5571A02B3C1CBE00E61CE0 /* ExerciseModel.swift in Sources */ = {isa = PBXBuildFile; fileRef = 7A5571962B3C1CBD00E61CE0 /* ExerciseModel.swift */; };
		7A5571A32B3C1CBE00E61CE0 /* SplitModel.swift in Sources */ = {isa = PBXBuildFile; fileRef = 7A5571992B3C1CBE00E61CE0 /* SplitModel.swift */; };
		7A5571A62B3C384200E61CE0 /* Nuke in Frameworks */ = {isa = PBXBuildFile; productRef = 7A5571A52B3C384200E61CE0 /* Nuke */; };
		7A5571A82B3C384200E61CE0 /* NukeExtensions in Frameworks */ = {isa = PBXBuildFile; productRef = 7A5571A72B3C384200E61CE0 /* NukeExtensions */; };
		7A5571AA2B3C384200E61CE0 /* NukeUI in Frameworks */ = {isa = PBXBuildFile; productRef = 7A5571A92B3C384200E61CE0 /* NukeUI */; };
		7A5571AC2B3C384200E61CE0 /* NukeVideo in Frameworks */ = {isa = PBXBuildFile; productRef = 7A5571AB2B3C384200E61CE0 /* NukeVideo */; };
		7A5571B02B3C3BCA00E61CE0 /* Machines.swift in Sources */ = {isa = PBXBuildFile; fileRef = 7A5571AF2B3C3BCA00E61CE0 /* Machines.swift */; };
		7A5571B32B3C57F800E61CE0 /* AddSplitView.swift in Sources */ = {isa = PBXBuildFile; fileRef = 7A5571B22B3C57F800E61CE0 /* AddSplitView.swift */; };
		7A5571B52B3C5DDF00E61CE0 /* CoreDataStack.swift in Sources */ = {isa = PBXBuildFile; fileRef = 7A5571B42B3C5DDF00E61CE0 /* CoreDataStack.swift */; };
		7A5571B72B3C605D00E61CE0 /* SplitViewModel.swift in Sources */ = {isa = PBXBuildFile; fileRef = 7A5571B62B3C605D00E61CE0 /* SplitViewModel.swift */; };
		7A5C506E2B3D895A00A4D551 /* Launch Screen.storyboard in Resources */ = {isa = PBXBuildFile; fileRef = 7A5C506D2B3D895A00A4D551 /* Launch Screen.storyboard */; };
		7A5C50702B3D8A1200A4D551 /* Beatz-Fitness-Info.plist in Resources */ = {isa = PBXBuildFile; fileRef = 7A5C506F2B3D8A1200A4D551 /* Beatz-Fitness-Info.plist */; };
		7A5C50722B3D8BB100A4D551 /* ExercisesScreen.swift in Sources */ = {isa = PBXBuildFile; fileRef = 7A5C50712B3D8BB100A4D551 /* ExercisesScreen.swift */; };
		7A5C50742B3D94C200A4D551 /* AddEditUebungView.swift in Sources */ = {isa = PBXBuildFile; fileRef = 7A5C50732B3D94C200A4D551 /* AddEditUebungView.swift */; };
		7A5C50762B3D970E00A4D551 /* ExercisesViewModel.swift in Sources */ = {isa = PBXBuildFile; fileRef = 7A5C50752B3D970E00A4D551 /* ExercisesViewModel.swift */; };
		7A7080FE2B47F5E00095C664 /* Courses.json in Resources */ = {isa = PBXBuildFile; fileRef = 7A7080FD2B47F5E00095C664 /* Courses.json */; };
		7A7081002B47F6040095C664 /* CoursesModel.swift in Sources */ = {isa = PBXBuildFile; fileRef = 7A7080FF2B47F6040095C664 /* CoursesModel.swift */; };
		7A7081022B47F7CC0095C664 /* CoursesView.swift in Sources */ = {isa = PBXBuildFile; fileRef = 7A7081012B47F7CC0095C664 /* CoursesView.swift */; };
		7A7081052B4808B40095C664 /* CoursesViewModel.swift in Sources */ = {isa = PBXBuildFile; fileRef = 7A7081042B4808B40095C664 /* CoursesViewModel.swift */; };
		7A7081072B4808BC0095C664 /* CreditsViewModel.swift in Sources */ = {isa = PBXBuildFile; fileRef = 7A7081062B4808BC0095C664 /* CreditsViewModel.swift */; };
		7A7081092B4808C30095C664 /* TrainerViewModel.swift in Sources */ = {isa = PBXBuildFile; fileRef = 7A7081082B4808C30095C664 /* TrainerViewModel.swift */; };
		7A7B763F2B3B221E007BDAFE /* Styleguide in Frameworks */ = {isa = PBXBuildFile; productRef = 7A7B763E2B3B221E007BDAFE /* Styleguide */; };
		7A8681742B3F5D84003946C2 /* CategorySelectionView.swift in Sources */ = {isa = PBXBuildFile; fileRef = 7A8681732B3F5D84003946C2 /* CategorySelectionView.swift */; };
		7A9598482B3A0409004C3A4E /* Styleguide in Frameworks */ = {isa = PBXBuildFile; productRef = 7A9598472B3A0409004C3A4E /* Styleguide */; };
		7A9BEA482B40A44600BDE3F9 /* TrainingScreen.swift in Sources */ = {isa = PBXBuildFile; fileRef = 7A9BEA472B40A44600BDE3F9 /* TrainingScreen.swift */; };
		7A9BEA4A2B40B54000BDE3F9 /* TrainingViewModel.swift in Sources */ = {isa = PBXBuildFile; fileRef = 7A9BEA492B40B54000BDE3F9 /* TrainingViewModel.swift */; };
		7AB8496E2B4011E200E25707 /* ExerciseCategoryEnum.swift in Sources */ = {isa = PBXBuildFile; fileRef = 7AB8496D2B4011E200E25707 /* ExerciseCategoryEnum.swift */; };
		7AB849712B401ADD00E25707 /* BeatzExercisesModel.swift in Sources */ = {isa = PBXBuildFile; fileRef = 7AB849702B401ADD00E25707 /* BeatzExercisesModel.swift */; };
		7AB849732B405A1000E25707 /* BeatzExercisesView.swift in Sources */ = {isa = PBXBuildFile; fileRef = 7AB849722B405A1000E25707 /* BeatzExercisesView.swift */; };
		7AE280C92B45B0A600DF3DC4 /* TrainingScreenAlerts.swift in Sources */ = {isa = PBXBuildFile; fileRef = 7AE280C82B45B0A600DF3DC4 /* TrainingScreenAlerts.swift */; };
		7AE280CC2B45B1D000DF3DC4 /* BeatzHomeScreen.swift in Sources */ = {isa = PBXBuildFile; fileRef = 7AE280CB2B45B1D000DF3DC4 /* BeatzHomeScreen.swift */; };
		7AE280D62B45B8CA00DF3DC4 /* TrainerModel.swift in Sources */ = {isa = PBXBuildFile; fileRef = 7AE280D52B45B8CA00DF3DC4 /* TrainerModel.swift */; };
		7AE280D82B45BE5000DF3DC4 /* Trainers.json in Resources */ = {isa = PBXBuildFile; fileRef = 7AE280D72B45BE5000DF3DC4 /* Trainers.json */; };
		7AE280DB2B45C02C00DF3DC4 /* TrainerView.swift in Sources */ = {isa = PBXBuildFile; fileRef = 7AE280DA2B45C02C00DF3DC4 /* TrainerView.swift */; };
		7AE280DD2B45CA0F00DF3DC4 /* LocationView.swift in Sources */ = {isa = PBXBuildFile; fileRef = 7AE280DC2B45CA0F00DF3DC4 /* LocationView.swift */; };
		7AE280DF2B45CAFA00DF3DC4 /* CreditsView.swift in Sources */ = {isa = PBXBuildFile; fileRef = 7AE280DE2B45CAFA00DF3DC4 /* CreditsView.swift */; };
		7AE280E12B47512600DF3DC4 /* Credits.json in Resources */ = {isa = PBXBuildFile; fileRef = 7AE280E02B47512600DF3DC4 /* Credits.json */; };
		7AE280E32B47530900DF3DC4 /* CreditsModel.swift in Sources */ = {isa = PBXBuildFile; fileRef = 7AE280E22B47530900DF3DC4 /* CreditsModel.swift */; };
		7AEB016E2B42E1C1003197FC /* SwapExerciseView.swift in Sources */ = {isa = PBXBuildFile; fileRef = 7AEB016D2B42E1C1003197FC /* SwapExerciseView.swift */; };
		7AEB01702B42EB2C003197FC /* TrainingBottomSheetView.swift in Sources */ = {isa = PBXBuildFile; fileRef = 7AEB016F2B42EB2C003197FC /* TrainingBottomSheetView.swift */; };
		7AEB01882B435624003197FC /* ContentView.swift in Sources */ = {isa = PBXBuildFile; fileRef = 7AEB01822B435624003197FC /* ContentView.swift */; };
		7AEB01892B435624003197FC /* AddTimerView.swift in Sources */ = {isa = PBXBuildFile; fileRef = 7AEB01832B435624003197FC /* AddTimerView.swift */; };
		7AEB018A2B435624003197FC /* EditTimerView.swift in Sources */ = {isa = PBXBuildFile; fileRef = 7AEB01842B435624003197FC /* EditTimerView.swift */; };
		7AEB018B2B435624003197FC /* StartButtonStyle.swift in Sources */ = {isa = PBXBuildFile; fileRef = 7AEB01852B435624003197FC /* StartButtonStyle.swift */; };
		7AEB018C2B435624003197FC /* TimePickerView.swift in Sources */ = {isa = PBXBuildFile; fileRef = 7AEB01862B435624003197FC /* TimePickerView.swift */; };
		7AEB018D2B435624003197FC /* CircularProgressView.swift in Sources */ = {isa = PBXBuildFile; fileRef = 7AEB01872B435624003197FC /* CircularProgressView.swift */; };
		7AEB018F2B43573B003197FC /* TimerViewModel.swift in Sources */ = {isa = PBXBuildFile; fileRef = 7AEB018E2B43573B003197FC /* TimerViewModel.swift */; };
/* End PBXBuildFile section */

/* Begin PBXCopyFilesBuildPhase section */
		7A3189052B38604C0044761B /* Embed Frameworks */ = {
			isa = PBXCopyFilesBuildPhase;
			buildActionMask = 2147483647;
			dstPath = "";
			dstSubfolderSpec = 10;
			files = (
				7A3189042B38604C0044761B /* Pods_Beatz_Fitness.framework in Embed Frameworks */,
			);
			name = "Embed Frameworks";
			runOnlyForDeploymentPostprocessing = 0;
		};
		7A427FEC2B3A08E30064BA95 /* Embed ExtensionKit Extensions */ = {
			isa = PBXCopyFilesBuildPhase;
			buildActionMask = 2147483647;
			dstPath = "$(EXTENSIONS_FOLDER_PATH)";
			dstSubfolderSpec = 16;
			files = (
			);
			name = "Embed ExtensionKit Extensions";
			runOnlyForDeploymentPostprocessing = 0;
		};
/* End PBXCopyFilesBuildPhase section */

/* Begin PBXFileReference section */
		7A3188DB2B3849E60044761B /* Beatz Fitness.app */ = {isa = PBXFileReference; explicitFileType = wrapper.application; includeInIndex = 0; path = "Beatz Fitness.app"; sourceTree = BUILT_PRODUCTS_DIR; };
		7A3188DE2B3849E60044761B /* Beatz_Fitness.swift */ = {isa = PBXFileReference; lastKnownFileType = sourcecode.swift; path = Beatz_Fitness.swift; sourceTree = "<group>"; };
		7A3188E02B3849E60044761B /* TrainingPlanScreen.swift */ = {isa = PBXFileReference; indentWidth = 2; lastKnownFileType = sourcecode.swift; path = TrainingPlanScreen.swift; sourceTree = "<group>"; tabWidth = 1; };
		7A3188F42B384BA60044761B /* UIComponents */ = {isa = PBXFileReference; lastKnownFileType = wrapper; path = UIComponents; sourceTree = "<group>"; };
		7A3188F82B3854A30044761B /* Styleguide */ = {isa = PBXFileReference; lastKnownFileType = wrapper; path = Styleguide; sourceTree = "<group>"; };
		7A5571832B3C0E2600E61CE0 /* TabView.swift */ = {isa = PBXFileReference; lastKnownFileType = sourcecode.swift; path = TabView.swift; sourceTree = "<group>"; tabWidth = 1; };
		7A5571852B3C129C00E61CE0 /* SplitDetailScreen.swift */ = {isa = PBXFileReference; lastKnownFileType = sourcecode.swift; path = SplitDetailScreen.swift; sourceTree = "<group>"; wrapsLines = 1; };
		7A5571872B3C156C00E61CE0 /* TrainingDiaryScreen.swift */ = {isa = PBXFileReference; lastKnownFileType = sourcecode.swift; path = TrainingDiaryScreen.swift; sourceTree = "<group>"; };
		7A55718C2B3C1C2F00E61CE0 /* CoreDataModel.xcdatamodel */ = {isa = PBXFileReference; lastKnownFileType = wrapper.xcdatamodel; path = CoreDataModel.xcdatamodel; sourceTree = "<group>"; };
		7A5571902B3C1CBC00E61CE0 /* TrainingSetModel.swift */ = {isa = PBXFileReference; fileEncoding = 4; lastKnownFileType = sourcecode.swift; path = TrainingSetModel.swift; sourceTree = "<group>"; };
		7A5571922B3C1CBD00E61CE0 /* TimerEntityModel.swift */ = {isa = PBXFileReference; fileEncoding = 4; lastKnownFileType = sourcecode.swift; path = TimerEntityModel.swift; sourceTree = "<group>"; };
		7A5571932B3C1CBD00E61CE0 /* DiaryEntryModel.swift */ = {isa = PBXFileReference; fileEncoding = 4; lastKnownFileType = sourcecode.swift; path = DiaryEntryModel.swift; sourceTree = "<group>"; };
		7A5571962B3C1CBD00E61CE0 /* ExerciseModel.swift */ = {isa = PBXFileReference; fileEncoding = 4; lastKnownFileType = sourcecode.swift; path = ExerciseModel.swift; sourceTree = "<group>"; };
		7A5571992B3C1CBE00E61CE0 /* SplitModel.swift */ = {isa = PBXFileReference; fileEncoding = 4; lastKnownFileType = sourcecode.swift; path = SplitModel.swift; sourceTree = "<group>"; };
		7A5571AF2B3C3BCA00E61CE0 /* Machines.swift */ = {isa = PBXFileReference; lastKnownFileType = sourcecode.swift; path = Machines.swift; sourceTree = "<group>"; };
		7A5571B22B3C57F800E61CE0 /* AddSplitView.swift */ = {isa = PBXFileReference; lastKnownFileType = sourcecode.swift; path = AddSplitView.swift; sourceTree = "<group>"; };
		7A5571B42B3C5DDF00E61CE0 /* CoreDataStack.swift */ = {isa = PBXFileReference; lastKnownFileType = sourcecode.swift; path = CoreDataStack.swift; sourceTree = "<group>"; };
		7A5571B62B3C605D00E61CE0 /* SplitViewModel.swift */ = {isa = PBXFileReference; lastKnownFileType = sourcecode.swift; path = SplitViewModel.swift; sourceTree = "<group>"; };
		7A5C506D2B3D895A00A4D551 /* Launch Screen.storyboard */ = {isa = PBXFileReference; fileEncoding = 4; lastKnownFileType = file.storyboard; path = "Launch Screen.storyboard"; sourceTree = "<group>"; };
		7A5C506F2B3D8A1200A4D551 /* Beatz-Fitness-Info.plist */ = {isa = PBXFileReference; fileEncoding = 4; lastKnownFileType = text.plist.xml; path = "Beatz-Fitness-Info.plist"; sourceTree = "<group>"; };
		7A5C50712B3D8BB100A4D551 /* ExercisesScreen.swift */ = {isa = PBXFileReference; lastKnownFileType = sourcecode.swift; path = ExercisesScreen.swift; sourceTree = "<group>"; };
		7A5C50732B3D94C200A4D551 /* AddEditUebungView.swift */ = {isa = PBXFileReference; lastKnownFileType = sourcecode.swift; path = AddEditUebungView.swift; sourceTree = "<group>"; };
		7A5C50752B3D970E00A4D551 /* ExercisesViewModel.swift */ = {isa = PBXFileReference; lastKnownFileType = sourcecode.swift; path = ExercisesViewModel.swift; sourceTree = "<group>"; };
		7A5F48102B3AB755006375C0 /* .swiftformat */ = {isa = PBXFileReference; indentWidth = 2; lastKnownFileType = text; path = .swiftformat; sourceTree = "<group>"; tabWidth = 1; };
		7A5F48122B3AB87C006375C0 /* Project-Base.xcconfig */ = {isa = PBXFileReference; lastKnownFileType = text.xcconfig; path = "Project-Base.xcconfig"; sourceTree = "<group>"; };
		7A5F48132B3AB8F1006375C0 /* Project-Debug.xcconfig */ = {isa = PBXFileReference; lastKnownFileType = text.xcconfig; path = "Project-Debug.xcconfig"; sourceTree = "<group>"; };
		7A5F48152B3ABAC1006375C0 /* .swiftlint.yml */ = {isa = PBXFileReference; indentWidth = 2; lastKnownFileType = text.yaml; path = .swiftlint.yml; sourceTree = "<group>"; tabWidth = 1; };
		7A7080FD2B47F5E00095C664 /* Courses.json */ = {isa = PBXFileReference; lastKnownFileType = text.json; path = Courses.json; sourceTree = "<group>"; };
		7A7080FF2B47F6040095C664 /* CoursesModel.swift */ = {isa = PBXFileReference; lastKnownFileType = sourcecode.swift; path = CoursesModel.swift; sourceTree = "<group>"; };
		7A7081012B47F7CC0095C664 /* CoursesView.swift */ = {isa = PBXFileReference; lastKnownFileType = sourcecode.swift; path = CoursesView.swift; sourceTree = "<group>"; };
		7A7081042B4808B40095C664 /* CoursesViewModel.swift */ = {isa = PBXFileReference; lastKnownFileType = sourcecode.swift; path = CoursesViewModel.swift; sourceTree = "<group>"; };
		7A7081062B4808BC0095C664 /* CreditsViewModel.swift */ = {isa = PBXFileReference; lastKnownFileType = sourcecode.swift; path = CreditsViewModel.swift; sourceTree = "<group>"; };
		7A7081082B4808C30095C664 /* TrainerViewModel.swift */ = {isa = PBXFileReference; lastKnownFileType = sourcecode.swift; path = TrainerViewModel.swift; sourceTree = "<group>"; };
		7A8681732B3F5D84003946C2 /* CategorySelectionView.swift */ = {isa = PBXFileReference; lastKnownFileType = sourcecode.swift; path = CategorySelectionView.swift; sourceTree = "<group>"; };
		7A9BEA472B40A44600BDE3F9 /* TrainingScreen.swift */ = {isa = PBXFileReference; lastKnownFileType = sourcecode.swift; path = TrainingScreen.swift; sourceTree = "<group>"; };
		7A9BEA492B40B54000BDE3F9 /* TrainingViewModel.swift */ = {isa = PBXFileReference; lastKnownFileType = sourcecode.swift; path = TrainingViewModel.swift; sourceTree = "<group>"; };
		7AB8496D2B4011E200E25707 /* ExerciseCategoryEnum.swift */ = {isa = PBXFileReference; lastKnownFileType = sourcecode.swift; path = ExerciseCategoryEnum.swift; sourceTree = "<group>"; };
		7AB849702B401ADD00E25707 /* BeatzExercisesModel.swift */ = {isa = PBXFileReference; lastKnownFileType = sourcecode.swift; path = BeatzExercisesModel.swift; sourceTree = "<group>"; };
		7AB849722B405A1000E25707 /* BeatzExercisesView.swift */ = {isa = PBXFileReference; lastKnownFileType = sourcecode.swift; path = BeatzExercisesView.swift; sourceTree = "<group>"; };
		7AE280C82B45B0A600DF3DC4 /* TrainingScreenAlerts.swift */ = {isa = PBXFileReference; lastKnownFileType = sourcecode.swift; path = TrainingScreenAlerts.swift; sourceTree = "<group>"; };
		7AE280CB2B45B1D000DF3DC4 /* BeatzHomeScreen.swift */ = {isa = PBXFileReference; lastKnownFileType = sourcecode.swift; path = BeatzHomeScreen.swift; sourceTree = "<group>"; };
		7AE280D52B45B8CA00DF3DC4 /* TrainerModel.swift */ = {isa = PBXFileReference; lastKnownFileType = sourcecode.swift; path = TrainerModel.swift; sourceTree = "<group>"; };
		7AE280D72B45BE5000DF3DC4 /* Trainers.json */ = {isa = PBXFileReference; lastKnownFileType = text.json; path = Trainers.json; sourceTree = "<group>"; };
		7AE280DA2B45C02C00DF3DC4 /* TrainerView.swift */ = {isa = PBXFileReference; lastKnownFileType = sourcecode.swift; path = TrainerView.swift; sourceTree = "<group>"; };
		7AE280DC2B45CA0F00DF3DC4 /* LocationView.swift */ = {isa = PBXFileReference; lastKnownFileType = sourcecode.swift; path = LocationView.swift; sourceTree = "<group>"; };
		7AE280DE2B45CAFA00DF3DC4 /* CreditsView.swift */ = {isa = PBXFileReference; lastKnownFileType = sourcecode.swift; path = CreditsView.swift; sourceTree = "<group>"; };
		7AE280E02B47512600DF3DC4 /* Credits.json */ = {isa = PBXFileReference; lastKnownFileType = text.json; path = Credits.json; sourceTree = "<group>"; };
		7AE280E22B47530900DF3DC4 /* CreditsModel.swift */ = {isa = PBXFileReference; lastKnownFileType = sourcecode.swift; path = CreditsModel.swift; sourceTree = "<group>"; };
		7AEB016D2B42E1C1003197FC /* SwapExerciseView.swift */ = {isa = PBXFileReference; lastKnownFileType = sourcecode.swift; path = SwapExerciseView.swift; sourceTree = "<group>"; };
		7AEB016F2B42EB2C003197FC /* TrainingBottomSheetView.swift */ = {isa = PBXFileReference; lastKnownFileType = sourcecode.swift; path = TrainingBottomSheetView.swift; sourceTree = "<group>"; };
		7AEB01822B435624003197FC /* ContentView.swift */ = {isa = PBXFileReference; fileEncoding = 4; lastKnownFileType = sourcecode.swift; path = ContentView.swift; sourceTree = "<group>"; };
		7AEB01832B435624003197FC /* AddTimerView.swift */ = {isa = PBXFileReference; fileEncoding = 4; lastKnownFileType = sourcecode.swift; path = AddTimerView.swift; sourceTree = "<group>"; };
		7AEB01842B435624003197FC /* EditTimerView.swift */ = {isa = PBXFileReference; fileEncoding = 4; lastKnownFileType = sourcecode.swift; path = EditTimerView.swift; sourceTree = "<group>"; };
		7AEB01852B435624003197FC /* StartButtonStyle.swift */ = {isa = PBXFileReference; fileEncoding = 4; lastKnownFileType = sourcecode.swift; path = StartButtonStyle.swift; sourceTree = "<group>"; };
		7AEB01862B435624003197FC /* TimePickerView.swift */ = {isa = PBXFileReference; fileEncoding = 4; lastKnownFileType = sourcecode.swift; path = TimePickerView.swift; sourceTree = "<group>"; };
		7AEB01872B435624003197FC /* CircularProgressView.swift */ = {isa = PBXFileReference; fileEncoding = 4; lastKnownFileType = sourcecode.swift; path = CircularProgressView.swift; sourceTree = "<group>"; };
		7AEB018E2B43573B003197FC /* TimerViewModel.swift */ = {isa = PBXFileReference; lastKnownFileType = sourcecode.swift; path = TimerViewModel.swift; sourceTree = "<group>"; };
		8B1468AC5C2803D917F6C27A /* Pods-Beatz Fitness.debug.xcconfig */ = {isa = PBXFileReference; includeInIndex = 1; lastKnownFileType = text.xcconfig; name = "Pods-Beatz Fitness.debug.xcconfig"; path = "Target Support Files/Pods-Beatz Fitness/Pods-Beatz Fitness.debug.xcconfig"; sourceTree = "<group>"; };
		90D8B8E2A0F26415F388C6D3 /* Pods-Beatz Fitness.release.xcconfig */ = {isa = PBXFileReference; includeInIndex = 1; lastKnownFileType = text.xcconfig; name = "Pods-Beatz Fitness.release.xcconfig"; path = "Target Support Files/Pods-Beatz Fitness/Pods-Beatz Fitness.release.xcconfig"; sourceTree = "<group>"; };
		94D96A35215996C2FDB748A6 /* Pods_Beatz_Fitness.framework */ = {isa = PBXFileReference; explicitFileType = wrapper.framework; includeInIndex = 0; path = Pods_Beatz_Fitness.framework; sourceTree = BUILT_PRODUCTS_DIR; };
/* End PBXFileReference section */

/* Begin PBXFrameworksBuildPhase section */
		7A3188D82B3849E60044761B /* Frameworks */ = {
			isa = PBXFrameworksBuildPhase;
			buildActionMask = 2147483647;
			files = (
				7A3188F72B384CA40044761B /* UIComponents in Frameworks */,
				7A7B763F2B3B221E007BDAFE /* Styleguide in Frameworks */,
				7A5571A82B3C384200E61CE0 /* NukeExtensions in Frameworks */,
				7A9598482B3A0409004C3A4E /* Styleguide in Frameworks */,
				7A5571A62B3C384200E61CE0 /* Nuke in Frameworks */,
				7A3189032B38604C0044761B /* Pods_Beatz_Fitness.framework in Frameworks */,
				7A3188FB2B3856100044761B /* Styleguide in Frameworks */,
				7A5571AC2B3C384200E61CE0 /* NukeVideo in Frameworks */,
				7A5571AA2B3C384200E61CE0 /* NukeUI in Frameworks */,
			);
			runOnlyForDeploymentPostprocessing = 0;
		};
/* End PBXFrameworksBuildPhase section */

/* Begin PBXGroup section */
		360A0AD8BD8D8D3FEC04EE2F /* Pods */ = {
			isa = PBXGroup;
			children = (
				8B1468AC5C2803D917F6C27A /* Pods-Beatz Fitness.debug.xcconfig */,
				90D8B8E2A0F26415F388C6D3 /* Pods-Beatz Fitness.release.xcconfig */,
			);
			path = Pods;
			sourceTree = "<group>";
		};
		7A3188D22B3849E60044761B = {
			isa = PBXGroup;
			children = (
				7A3188DD2B3849E60044761B /* App */,
				7A5F480D2B3AB4CB006375C0 /* Configurations */,
				7A5571AD2B3C3B9600E61CE0 /* Data */,
				7A3188F92B3856100044761B /* Frameworks */,
				7A3188F32B384AEF0044761B /* Packages */,
				360A0AD8BD8D8D3FEC04EE2F /* Pods */,
				7A3188DC2B3849E60044761B /* Products */,
			);
			sourceTree = "<group>";
		};
		7A3188DC2B3849E60044761B /* Products */ = {
			isa = PBXGroup;
			children = (
				7A3188DB2B3849E60044761B /* Beatz Fitness.app */,
			);
			name = Products;
			sourceTree = "<group>";
		};
		7A3188DD2B3849E60044761B /* App */ = {
			isa = PBXGroup;
			children = (
				7AB94A982B3865FD0043083F /* Initialization */,
				7AB94A962B3865990043083F /* Views */,
			);
			path = App;
			sourceTree = "<group>";
		};
		7A3188F32B384AEF0044761B /* Packages */ = {
			isa = PBXGroup;
			children = (
				7A3188F82B3854A30044761B /* Styleguide */,
				7A3188F42B384BA60044761B /* UIComponents */,
			);
			path = Packages;
			sourceTree = "<group>";
		};
		7A3188F92B3856100044761B /* Frameworks */ = {
			isa = PBXGroup;
			children = (
				94D96A35215996C2FDB748A6 /* Pods_Beatz_Fitness.framework */,
			);
			name = Frameworks;
			sourceTree = "<group>";
		};
		7A55718F2B3C1CB100E61CE0 /* CoreData */ = {
			isa = PBXGroup;
			children = (
				7A55718C2B3C1C2F00E61CE0 /* CoreDataModel.xcdatamodel */,
				7A5571922B3C1CBD00E61CE0 /* TimerEntityModel.swift */,
				7A5571932B3C1CBD00E61CE0 /* DiaryEntryModel.swift */,
				7A5571962B3C1CBD00E61CE0 /* ExerciseModel.swift */,
				7A5571992B3C1CBE00E61CE0 /* SplitModel.swift */,
				7A5571902B3C1CBC00E61CE0 /* TrainingSetModel.swift */,
				7A5571B42B3C5DDF00E61CE0 /* CoreDataStack.swift */,
			);
			path = CoreData;
			sourceTree = "<group>";
		};
		7A5571AD2B3C3B9600E61CE0 /* Data */ = {
			isa = PBXGroup;
			children = (
				7A55718F2B3C1CB100E61CE0 /* CoreData */,
				7AE280D92B45BFD300DF3DC4 /* JSON */,
				7A5571AE2B3C3BA200E61CE0 /* Machines */,
			);
			path = Data;
			sourceTree = "<group>";
		};
		7A5571AE2B3C3BA200E61CE0 /* Machines */ = {
			isa = PBXGroup;
			children = (
				7A5571AF2B3C3BCA00E61CE0 /* Machines.swift */,
			);
			path = Machines;
			sourceTree = "<group>";
		};
		7A5571B12B3C57CA00E61CE0 /* TrainingPlanScreens */ = {
			isa = PBXGroup;
			children = (
				7A5C50782B3DA5AB00A4D551 /* ExercisesScreen */,
				7A5C50772B3DA59C00A4D551 /* TrainingPlanScreen */,
			);
			path = TrainingPlanScreens;
			sourceTree = "<group>";
		};
		7A5C50772B3DA59C00A4D551 /* TrainingPlanScreen */ = {
			isa = PBXGroup;
			children = (
				7A5571B22B3C57F800E61CE0 /* AddSplitView.swift */,
				7A5571B62B3C605D00E61CE0 /* SplitViewModel.swift */,
				7A3188E02B3849E60044761B /* TrainingPlanScreen.swift */,
			);
			path = TrainingPlanScreen;
			sourceTree = "<group>";
		};
		7A5C50782B3DA5AB00A4D551 /* ExercisesScreen */ = {
			isa = PBXGroup;
			children = (
				7AB849742B40626B00E25707 /* Model */,
				7AB849762B40628900E25707 /* ViewModel */,
				7AB849752B40627A00E25707 /* Views */,
			);
			path = ExercisesScreen;
			sourceTree = "<group>";
		};
		7A5F480D2B3AB4CB006375C0 /* Configurations */ = {
			isa = PBXGroup;
			children = (
				7A5C506F2B3D8A1200A4D551 /* Beatz-Fitness-Info.plist */,
				7A5F48102B3AB755006375C0 /* .swiftformat */,
				7A5F48152B3ABAC1006375C0 /* .swiftlint.yml */,
				7A5F48122B3AB87C006375C0 /* Project-Base.xcconfig */,
				7A5F48132B3AB8F1006375C0 /* Project-Debug.xcconfig */,
			);
			path = Configurations;
			sourceTree = "<group>";
		};
		7A7080FB2B47F4C00095C664 /* Model */ = {
			isa = PBXGroup;
			children = (
				7A7080FF2B47F6040095C664 /* CoursesModel.swift */,
				7AE280E22B47530900DF3DC4 /* CreditsModel.swift */,
				7AE280D52B45B8CA00DF3DC4 /* TrainerModel.swift */,
			);
			path = Model;
			sourceTree = "<group>";
		};
		7A7080FC2B47F4CB0095C664 /* Views */ = {
			isa = PBXGroup;
			children = (
				7A7081012B47F7CC0095C664 /* CoursesView.swift */,
				7AE280DE2B45CAFA00DF3DC4 /* CreditsView.swift */,
				7AE280DC2B45CA0F00DF3DC4 /* LocationView.swift */,
				7AE280DA2B45C02C00DF3DC4 /* TrainerView.swift */,
			);
			path = Views;
			sourceTree = "<group>";
		};
		7A7081032B4808A50095C664 /* ViewModel */ = {
			isa = PBXGroup;
			children = (
				7A7081042B4808B40095C664 /* CoursesViewModel.swift */,
				7A7081062B4808BC0095C664 /* CreditsViewModel.swift */,
				7A7081082B4808C30095C664 /* TrainerViewModel.swift */,
			);
			path = ViewModel;
			sourceTree = "<group>";
		};
		7A9BEA462B40A43500BDE3F9 /* TrainingScreen */ = {
			isa = PBXGroup;
			children = (
				7AEB016D2B42E1C1003197FC /* SwapExerciseView.swift */,
				7AEB016F2B42EB2C003197FC /* TrainingBottomSheetView.swift */,
				7A9BEA472B40A44600BDE3F9 /* TrainingScreen.swift */,
				7AE280C82B45B0A600DF3DC4 /* TrainingScreenAlerts.swift */,
				7A9BEA492B40B54000BDE3F9 /* TrainingViewModel.swift */,
			);
			path = TrainingScreen;
			sourceTree = "<group>";
		};
		7AB849742B40626B00E25707 /* Model */ = {
			isa = PBXGroup;
			children = (
				7AB849702B401ADD00E25707 /* BeatzExercisesModel.swift */,
				7AB8496D2B4011E200E25707 /* ExerciseCategoryEnum.swift */,
			);
			path = Model;
			sourceTree = "<group>";
		};
		7AB849752B40627A00E25707 /* Views */ = {
			isa = PBXGroup;
			children = (
				7A5C50732B3D94C200A4D551 /* AddEditUebungView.swift */,
				7AB849722B405A1000E25707 /* BeatzExercisesView.swift */,
				7A8681732B3F5D84003946C2 /* CategorySelectionView.swift */,
				7A5C50712B3D8BB100A4D551 /* ExercisesScreen.swift */,
			);
			path = Views;
			sourceTree = "<group>";
		};
		7AB849762B40628900E25707 /* ViewModel */ = {
			isa = PBXGroup;
			children = (
				7A5C50752B3D970E00A4D551 /* ExercisesViewModel.swift */,
			);
			path = ViewModel;
			sourceTree = "<group>";
		};
		7AB94A962B3865990043083F /* Views */ = {
			isa = PBXGroup;
			children = (
				7A5571832B3C0E2600E61CE0 /* TabView.swift */,
				7AE280CA2B45B1C100DF3DC4 /* BeatzHomeScreen */,
				7A9BEA462B40A43500BDE3F9 /* TrainingScreen */,
				7AEB01812B43561A003197FC /* TimerScreen */,
				7A5571B12B3C57CA00E61CE0 /* TrainingPlanScreens */,
				7A5571852B3C129C00E61CE0 /* SplitDetailScreen.swift */,
				7A5571872B3C156C00E61CE0 /* TrainingDiaryScreen.swift */,
			);
			path = Views;
			sourceTree = "<group>";
		};
		7AB94A982B3865FD0043083F /* Initialization */ = {
			isa = PBXGroup;
			children = (
				7A3188DE2B3849E60044761B /* Beatz_Fitness.swift */,
				7A5C506D2B3D895A00A4D551 /* Launch Screen.storyboard */,
			);
			path = Initialization;
			sourceTree = "<group>";
		};
		7AE280CA2B45B1C100DF3DC4 /* BeatzHomeScreen */ = {
			isa = PBXGroup;
			children = (
				7AE280CB2B45B1D000DF3DC4 /* BeatzHomeScreen.swift */,
				7A7080FC2B47F4CB0095C664 /* Views */,
				7A7080FB2B47F4C00095C664 /* Model */,
				7A7081032B4808A50095C664 /* ViewModel */,
			);
			path = BeatzHomeScreen;
			sourceTree = "<group>";
		};
		7AE280D92B45BFD300DF3DC4 /* JSON */ = {
			isa = PBXGroup;
			children = (
				7A7080FD2B47F5E00095C664 /* Courses.json */,
				7AE280E02B47512600DF3DC4 /* Credits.json */,
				7AE280D72B45BE5000DF3DC4 /* Trainers.json */,
			);
			path = JSON;
			sourceTree = "<group>";
		};
		7AEB01812B43561A003197FC /* TimerScreen */ = {
			isa = PBXGroup;
			children = (
				7AEB01832B435624003197FC /* AddTimerView.swift */,
				7AEB01872B435624003197FC /* CircularProgressView.swift */,
				7AEB01822B435624003197FC /* ContentView.swift */,
				7AEB01842B435624003197FC /* EditTimerView.swift */,
				7AEB01852B435624003197FC /* StartButtonStyle.swift */,
				7AEB01862B435624003197FC /* TimePickerView.swift */,
				7AEB018E2B43573B003197FC /* TimerViewModel.swift */,
			);
			path = TimerScreen;
			sourceTree = "<group>";
		};
/* End PBXGroup section */

/* Begin PBXNativeTarget section */
		7A3188DA2B3849E60044761B /* Beatz Fitness */ = {
			isa = PBXNativeTarget;
			buildConfigurationList = 7A3188F02B3849E70044761B /* Build configuration list for PBXNativeTarget "Beatz Fitness" */;
			buildPhases = (
				3E321B0BAB23B44649FD0613 /* [CP] Check Pods Manifest.lock */,
				7A3188D72B3849E60044761B /* Sources */,
				7A3188D82B3849E60044761B /* Frameworks */,
				7A3188D92B3849E60044761B /* Resources */,
				7A3189052B38604C0044761B /* Embed Frameworks */,
				7A427FEC2B3A08E30064BA95 /* Embed ExtensionKit Extensions */,
				7A5F48142B3AB9DE006375C0 /* SwiftLint */,
				7AC0ADD82B47EC6000AB196F /* SwiftGen */,
			);
			buildRules = (
			);
			dependencies = (
			);
			name = "Beatz Fitness";
			packageProductDependencies = (
				7A3188F62B384CA40044761B /* UIComponents */,
				7A3188FA2B3856100044761B /* Styleguide */,
				7A9598472B3A0409004C3A4E /* Styleguide */,
				7A7B763E2B3B221E007BDAFE /* Styleguide */,
				7A5571A52B3C384200E61CE0 /* Nuke */,
				7A5571A72B3C384200E61CE0 /* NukeExtensions */,
				7A5571A92B3C384200E61CE0 /* NukeUI */,
				7A5571AB2B3C384200E61CE0 /* NukeVideo */,
			);
			productName = "Beatz Fitness";
			productReference = 7A3188DB2B3849E60044761B /* Beatz Fitness.app */;
			productType = "com.apple.product-type.application";
		};
/* End PBXNativeTarget section */

/* Begin PBXProject section */
		7A3188D32B3849E60044761B /* Project object */ = {
			isa = PBXProject;
			attributes = {
				BuildIndependentTargetsInParallel = 1;
				LastSwiftUpdateCheck = 1510;
				LastUpgradeCheck = 1510;
				TargetAttributes = {
					7A3188DA2B3849E60044761B = {
						CreatedOnToolsVersion = 15.1;
					};
				};
			};
			buildConfigurationList = 7A3188D62B3849E60044761B /* Build configuration list for PBXProject "Beatz Fitness" */;
			compatibilityVersion = "Xcode 14.0";
			developmentRegion = de;
			hasScannedForEncodings = 0;
			knownRegions = (
				en,
				Base,
				de,
			);
			mainGroup = 7A3188D22B3849E60044761B;
			packageReferences = (
				7A3188F52B384CA40044761B /* XCLocalSwiftPackageReference "Packages/UIComponents" */,
				7A9598462B3A0409004C3A4E /* XCLocalSwiftPackageReference "Packages/Styleguide" */,
				7A5571A42B3C384200E61CE0 /* XCRemoteSwiftPackageReference "Nuke" */,
			);
			productRefGroup = 7A3188DC2B3849E60044761B /* Products */;
			projectDirPath = "";
			projectRoot = "";
			targets = (
				7A3188DA2B3849E60044761B /* Beatz Fitness */,
			);
		};
/* End PBXProject section */

/* Begin PBXResourcesBuildPhase section */
		7A3188D92B3849E60044761B /* Resources */ = {
			isa = PBXResourcesBuildPhase;
			buildActionMask = 2147483647;
			files = (
				7A5C50702B3D8A1200A4D551 /* Beatz-Fitness-Info.plist in Resources */,
				7AE280D82B45BE5000DF3DC4 /* Trainers.json in Resources */,
				7A7080FE2B47F5E00095C664 /* Courses.json in Resources */,
				7AE280E12B47512600DF3DC4 /* Credits.json in Resources */,
				7A5C506E2B3D895A00A4D551 /* Launch Screen.storyboard in Resources */,
			);
			runOnlyForDeploymentPostprocessing = 0;
		};
/* End PBXResourcesBuildPhase section */

/* Begin PBXShellScriptBuildPhase section */
		3E321B0BAB23B44649FD0613 /* [CP] Check Pods Manifest.lock */ = {
			isa = PBXShellScriptBuildPhase;
			buildActionMask = 2147483647;
			files = (
			);
			inputFileListPaths = (
			);
			inputPaths = (
				"${PODS_PODFILE_DIR_PATH}/Podfile.lock",
				"${PODS_ROOT}/Manifest.lock",
			);
			name = "[CP] Check Pods Manifest.lock";
			outputFileListPaths = (
			);
			outputPaths = (
				"$(DERIVED_FILE_DIR)/Pods-Beatz Fitness-checkManifestLockResult.txt",
			);
			runOnlyForDeploymentPostprocessing = 0;
			shellPath = /bin/sh;
			shellScript = "diff \"${PODS_PODFILE_DIR_PATH}/Podfile.lock\" \"${PODS_ROOT}/Manifest.lock\" > /dev/null\nif [ $? != 0 ] ; then\n    # print error to STDERR\n    echo \"error: The sandbox is not in sync with the Podfile.lock. Run 'pod install' or update your CocoaPods installation.\" >&2\n    exit 1\nfi\n# This output is used by Xcode 'outputs' to avoid re-running this script phase.\necho \"SUCCESS\" > \"${SCRIPT_OUTPUT_FILE_0}\"\n";
			showEnvVarsInLog = 0;
		};
		7A5F48142B3AB9DE006375C0 /* SwiftLint */ = {
			isa = PBXShellScriptBuildPhase;
			alwaysOutOfDate = 1;
			buildActionMask = 2147483647;
			files = (
			);
			inputFileListPaths = (
			);
			inputPaths = (
			);
			name = SwiftLint;
			outputFileListPaths = (
			);
			outputPaths = (
			);
			runOnlyForDeploymentPostprocessing = 0;
			shellPath = /bin/sh;
			shellScript = "if [[ \"$(uname -m)\" == arm64 ]]; then\n    export PATH=\"/opt/homebrew/bin:$PATH\"\nfi\n\nif which swiftlint > /dev/null; then\n  swiftlint\nelse\n  echo \"warning: SwiftLint not installed, download from https://github.com/realm/SwiftLint\"\nfi\n";
		};
		7AC0ADD82B47EC6000AB196F /* SwiftGen */ = {
			isa = PBXShellScriptBuildPhase;
			buildActionMask = 2147483647;
			files = (
			);
			inputFileListPaths = (
			);
			inputPaths = (
			);
			name = SwiftGen;
			outputFileListPaths = (
			);
			outputPaths = (
			);
			runOnlyForDeploymentPostprocessing = 0;
			shellPath = /bin/sh;
			shellScript = "if which swiftgen >/dev/null; then\n  swiftgen config run --config \"$PROJECT_DIR/Packages/Styleguide\"\nelse\n  echo \"warning: SwiftGen not installed, download it from https://github.com/SwiftGen/SwiftGen\"\nfi\n";
		};
/* End PBXShellScriptBuildPhase section */

/* Begin PBXSourcesBuildPhase section */
		7A3188D72B3849E60044761B /* Sources */ = {
			isa = PBXSourcesBuildPhase;
			buildActionMask = 2147483647;
			files = (
				7AEB018B2B435624003197FC /* StartButtonStyle.swift in Sources */,
				7A5571B32B3C57F800E61CE0 /* AddSplitView.swift in Sources */,
				7AE280C92B45B0A600DF3DC4 /* TrainingScreenAlerts.swift in Sources */,
				7A8681742B3F5D84003946C2 /* CategorySelectionView.swift in Sources */,
				7A9BEA4A2B40B54000BDE3F9 /* TrainingViewModel.swift in Sources */,
				7A55719A2B3C1CBE00E61CE0 /* TrainingSetModel.swift in Sources */,
				7A3188E12B3849E60044761B /* TrainingPlanScreen.swift in Sources */,
				7A5571A32B3C1CBE00E61CE0 /* SplitModel.swift in Sources */,
				7A7081002B47F6040095C664 /* CoursesModel.swift in Sources */,
				7A55719C2B3C1CBE00E61CE0 /* TimerEntityModel.swift in Sources */,
				7AE280D62B45B8CA00DF3DC4 /* TrainerModel.swift in Sources */,
				7A9BEA482B40A44600BDE3F9 /* TrainingScreen.swift in Sources */,
				7AB849712B401ADD00E25707 /* BeatzExercisesModel.swift in Sources */,
				7A55718D2B3C1C2F00E61CE0 /* CoreDataModel.xcdatamodel in Sources */,
				7A5C50762B3D970E00A4D551 /* ExercisesViewModel.swift in Sources */,
				7A7081072B4808BC0095C664 /* CreditsViewModel.swift in Sources */,
				7AE280E32B47530900DF3DC4 /* CreditsModel.swift in Sources */,
				7A5571B02B3C3BCA00E61CE0 /* Machines.swift in Sources */,
				7AEB016E2B42E1C1003197FC /* SwapExerciseView.swift in Sources */,
				7AE280DD2B45CA0F00DF3DC4 /* LocationView.swift in Sources */,
				7A5571B52B3C5DDF00E61CE0 /* CoreDataStack.swift in Sources */,
				7AEB01882B435624003197FC /* ContentView.swift in Sources */,
				7A5C50722B3D8BB100A4D551 /* ExercisesScreen.swift in Sources */,
				7AE280DF2B45CAFA00DF3DC4 /* CreditsView.swift in Sources */,
				7A5571862B3C129C00E61CE0 /* SplitDetailScreen.swift in Sources */,
				7A5C50742B3D94C200A4D551 /* AddEditUebungView.swift in Sources */,
				7AEB018F2B43573B003197FC /* TimerViewModel.swift in Sources */,
				7AEB01892B435624003197FC /* AddTimerView.swift in Sources */,
				7A7081092B4808C30095C664 /* TrainerViewModel.swift in Sources */,
				7A7081022B47F7CC0095C664 /* CoursesView.swift in Sources */,
				7A5571B72B3C605D00E61CE0 /* SplitViewModel.swift in Sources */,
				7A5571842B3C0E2600E61CE0 /* TabView.swift in Sources */,
				7A55719D2B3C1CBE00E61CE0 /* DiaryEntryModel.swift in Sources */,
				7AB8496E2B4011E200E25707 /* ExerciseCategoryEnum.swift in Sources */,
				7A5571A02B3C1CBE00E61CE0 /* ExerciseModel.swift in Sources */,
				7AB849732B405A1000E25707 /* BeatzExercisesView.swift in Sources */,
				7AEB018D2B435624003197FC /* CircularProgressView.swift in Sources */,
				7AEB018C2B435624003197FC /* TimePickerView.swift in Sources */,
				7AE280DB2B45C02C00DF3DC4 /* TrainerView.swift in Sources */,
				7AEB01702B42EB2C003197FC /* TrainingBottomSheetView.swift in Sources */,
				7AE280CC2B45B1D000DF3DC4 /* BeatzHomeScreen.swift in Sources */,
				7A5571882B3C156C00E61CE0 /* TrainingDiaryScreen.swift in Sources */,
				7A3188DF2B3849E60044761B /* Beatz_Fitness.swift in Sources */,
				7AEB018A2B435624003197FC /* EditTimerView.swift in Sources */,
				7A7081052B4808B40095C664 /* CoursesViewModel.swift in Sources */,
			);
			runOnlyForDeploymentPostprocessing = 0;
		};
/* End PBXSourcesBuildPhase section */

/* Begin XCBuildConfiguration section */
		7A3188EE2B3849E70044761B /* Debug */ = {
			isa = XCBuildConfiguration;
			buildSettings = {
				ALWAYS_SEARCH_USER_PATHS = NO;
				ASSETCATALOG_COMPILER_GENERATE_SWIFT_ASSET_SYMBOL_EXTENSIONS = YES;
				CLANG_ANALYZER_LOCALIZABILITY_NONLOCALIZED = YES;
				CLANG_ANALYZER_NONNULL = YES;
				CLANG_ANALYZER_NUMBER_OBJECT_CONVERSION = YES_AGGRESSIVE;
				CLANG_CXX_LANGUAGE_STANDARD = "gnu++20";
				CLANG_ENABLE_MODULES = YES;
				CLANG_ENABLE_OBJC_ARC = YES;
				CLANG_ENABLE_OBJC_WEAK = YES;
				CLANG_WARN_BLOCK_CAPTURE_AUTORELEASING = YES;
				CLANG_WARN_BOOL_CONVERSION = YES;
				CLANG_WARN_COMMA = YES;
				CLANG_WARN_CONSTANT_CONVERSION = YES;
				CLANG_WARN_DEPRECATED_OBJC_IMPLEMENTATIONS = YES;
				CLANG_WARN_DIRECT_OBJC_ISA_USAGE = YES_ERROR;
				CLANG_WARN_DOCUMENTATION_COMMENTS = YES;
				CLANG_WARN_EMPTY_BODY = YES;
				CLANG_WARN_ENUM_CONVERSION = YES;
				CLANG_WARN_INFINITE_RECURSION = YES;
				CLANG_WARN_INT_CONVERSION = YES;
				CLANG_WARN_NON_LITERAL_NULL_CONVERSION = YES;
				CLANG_WARN_OBJC_IMPLICIT_RETAIN_SELF = YES;
				CLANG_WARN_OBJC_LITERAL_CONVERSION = YES;
				CLANG_WARN_OBJC_ROOT_CLASS = YES_ERROR;
				CLANG_WARN_QUOTED_INCLUDE_IN_FRAMEWORK_HEADER = YES;
				CLANG_WARN_RANGE_LOOP_ANALYSIS = YES;
				CLANG_WARN_STRICT_PROTOTYPES = YES;
				CLANG_WARN_SUSPICIOUS_MOVE = YES;
				CLANG_WARN_UNGUARDED_AVAILABILITY = YES_AGGRESSIVE;
				CLANG_WARN_UNREACHABLE_CODE = YES;
				CLANG_WARN__DUPLICATE_METHOD_MATCH = YES;
				COPY_PHASE_STRIP = NO;
				DEBUG_INFORMATION_FORMAT = dwarf;
				ENABLE_STRICT_OBJC_MSGSEND = YES;
				ENABLE_TESTABILITY = YES;
				ENABLE_USER_SCRIPT_SANDBOXING = NO;
				GCC_C_LANGUAGE_STANDARD = gnu17;
				GCC_DYNAMIC_NO_PIC = NO;
				GCC_NO_COMMON_BLOCKS = YES;
				GCC_OPTIMIZATION_LEVEL = 0;
				GCC_PREPROCESSOR_DEFINITIONS = (
					"DEBUG=1",
					"$(inherited)",
				);
				GCC_WARN_64_TO_32_BIT_CONVERSION = YES;
				GCC_WARN_ABOUT_RETURN_TYPE = YES_ERROR;
				GCC_WARN_UNDECLARED_SELECTOR = YES;
				GCC_WARN_UNINITIALIZED_AUTOS = YES_AGGRESSIVE;
				GCC_WARN_UNUSED_FUNCTION = YES;
				GCC_WARN_UNUSED_VARIABLE = YES;
				IPHONEOS_DEPLOYMENT_TARGET = 16.0;
				LOCALIZATION_PREFERS_STRING_CATALOGS = YES;
				MTL_ENABLE_DEBUG_INFO = INCLUDE_SOURCE;
				MTL_FAST_MATH = YES;
				ONLY_ACTIVE_ARCH = YES;
				SDKROOT = iphoneos;
				SWIFT_ACTIVE_COMPILATION_CONDITIONS = "DEBUG $(inherited)";
				SWIFT_OPTIMIZATION_LEVEL = "-Onone";
			};
			name = Debug;
		};
		7A3188EF2B3849E70044761B /* Release */ = {
			isa = XCBuildConfiguration;
			buildSettings = {
				ALWAYS_SEARCH_USER_PATHS = NO;
				ASSETCATALOG_COMPILER_GENERATE_SWIFT_ASSET_SYMBOL_EXTENSIONS = YES;
				CLANG_ANALYZER_LOCALIZABILITY_NONLOCALIZED = YES;
				CLANG_ANALYZER_NONNULL = YES;
				CLANG_ANALYZER_NUMBER_OBJECT_CONVERSION = YES_AGGRESSIVE;
				CLANG_CXX_LANGUAGE_STANDARD = "gnu++20";
				CLANG_ENABLE_MODULES = YES;
				CLANG_ENABLE_OBJC_ARC = YES;
				CLANG_ENABLE_OBJC_WEAK = YES;
				CLANG_WARN_BLOCK_CAPTURE_AUTORELEASING = YES;
				CLANG_WARN_BOOL_CONVERSION = YES;
				CLANG_WARN_COMMA = YES;
				CLANG_WARN_CONSTANT_CONVERSION = YES;
				CLANG_WARN_DEPRECATED_OBJC_IMPLEMENTATIONS = YES;
				CLANG_WARN_DIRECT_OBJC_ISA_USAGE = YES_ERROR;
				CLANG_WARN_DOCUMENTATION_COMMENTS = YES;
				CLANG_WARN_EMPTY_BODY = YES;
				CLANG_WARN_ENUM_CONVERSION = YES;
				CLANG_WARN_INFINITE_RECURSION = YES;
				CLANG_WARN_INT_CONVERSION = YES;
				CLANG_WARN_NON_LITERAL_NULL_CONVERSION = YES;
				CLANG_WARN_OBJC_IMPLICIT_RETAIN_SELF = YES;
				CLANG_WARN_OBJC_LITERAL_CONVERSION = YES;
				CLANG_WARN_OBJC_ROOT_CLASS = YES_ERROR;
				CLANG_WARN_QUOTED_INCLUDE_IN_FRAMEWORK_HEADER = YES;
				CLANG_WARN_RANGE_LOOP_ANALYSIS = YES;
				CLANG_WARN_STRICT_PROTOTYPES = YES;
				CLANG_WARN_SUSPICIOUS_MOVE = YES;
				CLANG_WARN_UNGUARDED_AVAILABILITY = YES_AGGRESSIVE;
				CLANG_WARN_UNREACHABLE_CODE = YES;
				CLANG_WARN__DUPLICATE_METHOD_MATCH = YES;
				COPY_PHASE_STRIP = NO;
				DEBUG_INFORMATION_FORMAT = "dwarf-with-dsym";
				ENABLE_NS_ASSERTIONS = NO;
				ENABLE_STRICT_OBJC_MSGSEND = YES;
				ENABLE_USER_SCRIPT_SANDBOXING = NO;
				GCC_C_LANGUAGE_STANDARD = gnu17;
				GCC_NO_COMMON_BLOCKS = YES;
				GCC_WARN_64_TO_32_BIT_CONVERSION = YES;
				GCC_WARN_ABOUT_RETURN_TYPE = YES_ERROR;
				GCC_WARN_UNDECLARED_SELECTOR = YES;
				GCC_WARN_UNINITIALIZED_AUTOS = YES_AGGRESSIVE;
				GCC_WARN_UNUSED_FUNCTION = YES;
				GCC_WARN_UNUSED_VARIABLE = YES;
				IPHONEOS_DEPLOYMENT_TARGET = 16.0;
				LOCALIZATION_PREFERS_STRING_CATALOGS = YES;
				MTL_ENABLE_DEBUG_INFO = NO;
				MTL_FAST_MATH = YES;
				SDKROOT = iphoneos;
				SWIFT_COMPILATION_MODE = wholemodule;
				VALIDATE_PRODUCT = YES;
			};
			name = Release;
		};
		7A3188F12B3849E70044761B /* Debug */ = {
			isa = XCBuildConfiguration;
			baseConfigurationReference = 8B1468AC5C2803D917F6C27A /* Pods-Beatz Fitness.debug.xcconfig */;
			buildSettings = {
				ALWAYS_EMBED_SWIFT_STANDARD_LIBRARIES = YES;
				ASSETCATALOG_COMPILER_APPICON_NAME = AppIcon;
				ASSETCATALOG_COMPILER_GLOBAL_ACCENT_COLOR_NAME = AccentColor;
				ASSETCATALOG_COMPILER_INCLUDE_ALL_APPICON_ASSETS = YES;
				CODE_SIGN_ENTITLEMENTS = "";
				CODE_SIGN_IDENTITY = "Apple Development";
				CODE_SIGN_INJECT_BASE_ENTITLEMENTS = YES;
				CODE_SIGN_STYLE = Automatic;
				CURRENT_PROJECT_VERSION = 1;
				DEVELOPMENT_ASSET_PATHS = "";
				DEVELOPMENT_TEAM = 9RY44N87S7;
				ENABLE_PREVIEWS = YES;
				GENERATE_INFOPLIST_FILE = YES;
				INFOPLIST_FILE = "Configurations/Beatz-Fitness-Info.plist";
				INFOPLIST_KEY_CFBundleDisplayName = "Beatz Fitness (Remastered)";
				INFOPLIST_KEY_LSApplicationCategoryType = "public.app-category.healthcare-fitness";
				INFOPLIST_KEY_UIApplicationSceneManifest_Generation = YES;
				INFOPLIST_KEY_UIApplicationSupportsIndirectInputEvents = NO;
				INFOPLIST_KEY_UILaunchScreen_Generation = YES;
				INFOPLIST_KEY_UILaunchStoryboardName = "App/InitializationLaunch Screen.storyboard";
				INFOPLIST_KEY_UISupportedInterfaceOrientations = UIInterfaceOrientationPortrait;
				LD_RUNPATH_SEARCH_PATHS = (
					"$(inherited)",
					"@executable_path/Frameworks",
				);
				MARKETING_VERSION = 1.0;
				PRODUCT_BUNDLE_IDENTIFIER = "Maximillian-Stabe.Beatz-Fitness";
				PRODUCT_NAME = "$(TARGET_NAME)";
				SUPPORTED_PLATFORMS = "iphoneos iphonesimulator";
				SUPPORTS_MACCATALYST = NO;
				SUPPORTS_MAC_DESIGNED_FOR_IPHONE_IPAD = NO;
				SWIFT_EMIT_LOC_STRINGS = YES;
				SWIFT_VERSION = 5.0;
				TARGETED_DEVICE_FAMILY = 1;
			};
			name = Debug;
		};
		7A3188F22B3849E70044761B /* Release */ = {
			isa = XCBuildConfiguration;
			baseConfigurationReference = 90D8B8E2A0F26415F388C6D3 /* Pods-Beatz Fitness.release.xcconfig */;
			buildSettings = {
				ALWAYS_EMBED_SWIFT_STANDARD_LIBRARIES = YES;
				ASSETCATALOG_COMPILER_APPICON_NAME = AppIcon;
				ASSETCATALOG_COMPILER_GLOBAL_ACCENT_COLOR_NAME = AccentColor;
				ASSETCATALOG_COMPILER_INCLUDE_ALL_APPICON_ASSETS = YES;
				CODE_SIGN_ENTITLEMENTS = "";
				CODE_SIGN_IDENTITY = "Apple Development";
				CODE_SIGN_INJECT_BASE_ENTITLEMENTS = YES;
				CODE_SIGN_STYLE = Automatic;
				CURRENT_PROJECT_VERSION = 1;
				DEVELOPMENT_ASSET_PATHS = "";
				DEVELOPMENT_TEAM = 9RY44N87S7;
				ENABLE_PREVIEWS = YES;
				GENERATE_INFOPLIST_FILE = YES;
				INFOPLIST_FILE = "Configurations/Beatz-Fitness-Info.plist";
				INFOPLIST_KEY_CFBundleDisplayName = "Beatz Fitness (Remastered)";
				INFOPLIST_KEY_LSApplicationCategoryType = "public.app-category.healthcare-fitness";
				INFOPLIST_KEY_UIApplicationSceneManifest_Generation = YES;
				INFOPLIST_KEY_UIApplicationSupportsIndirectInputEvents = NO;
				INFOPLIST_KEY_UILaunchScreen_Generation = YES;
				INFOPLIST_KEY_UILaunchStoryboardName = "App/InitializationLaunch Screen.storyboard";
				INFOPLIST_KEY_UISupportedInterfaceOrientations = UIInterfaceOrientationPortrait;
				LD_RUNPATH_SEARCH_PATHS = (
					"$(inherited)",
					"@executable_path/Frameworks",
				);
				MARKETING_VERSION = 1.0;
				PRODUCT_BUNDLE_IDENTIFIER = "Maximillian-Stabe.Beatz-Fitness";
				PRODUCT_NAME = "$(TARGET_NAME)";
				SUPPORTED_PLATFORMS = "iphoneos iphonesimulator";
				SUPPORTS_MACCATALYST = NO;
				SUPPORTS_MAC_DESIGNED_FOR_IPHONE_IPAD = NO;
				SWIFT_EMIT_LOC_STRINGS = YES;
				SWIFT_VERSION = 5.0;
				TARGETED_DEVICE_FAMILY = 1;
			};
			name = Release;
		};
/* End XCBuildConfiguration section */

/* Begin XCConfigurationList section */
		7A3188D62B3849E60044761B /* Build configuration list for PBXProject "Beatz Fitness" */ = {
			isa = XCConfigurationList;
			buildConfigurations = (
				7A3188EE2B3849E70044761B /* Debug */,
				7A3188EF2B3849E70044761B /* Release */,
			);
			defaultConfigurationIsVisible = 0;
			defaultConfigurationName = Release;
		};
		7A3188F02B3849E70044761B /* Build configuration list for PBXNativeTarget "Beatz Fitness" */ = {
			isa = XCConfigurationList;
			buildConfigurations = (
				7A3188F12B3849E70044761B /* Debug */,
				7A3188F22B3849E70044761B /* Release */,
			);
			defaultConfigurationIsVisible = 0;
			defaultConfigurationName = Release;
		};
/* End XCConfigurationList section */

/* Begin XCLocalSwiftPackageReference section */
		7A3188F52B384CA40044761B /* XCLocalSwiftPackageReference "Packages/UIComponents" */ = {
			isa = XCLocalSwiftPackageReference;
			relativePath = Packages/UIComponents;
		};
		7A9598462B3A0409004C3A4E /* XCLocalSwiftPackageReference "Packages/Styleguide" */ = {
			isa = XCLocalSwiftPackageReference;
			relativePath = Packages/Styleguide;
		};
/* End XCLocalSwiftPackageReference section */

/* Begin XCRemoteSwiftPackageReference section */
		7A5571A42B3C384200E61CE0 /* XCRemoteSwiftPackageReference "Nuke" */ = {
			isa = XCRemoteSwiftPackageReference;
			repositoryURL = "https://github.com/kean/Nuke.git";
			requirement = {
				kind = upToNextMajorVersion;
				minimumVersion = 12.2.0;
			};
		};
/* End XCRemoteSwiftPackageReference section */

/* Begin XCSwiftPackageProductDependency section */
		7A3188F62B384CA40044761B /* UIComponents */ = {
			isa = XCSwiftPackageProductDependency;
			productName = UIComponents;
		};
		7A3188FA2B3856100044761B /* Styleguide */ = {
			isa = XCSwiftPackageProductDependency;
			productName = Styleguide;
		};
		7A5571A52B3C384200E61CE0 /* Nuke */ = {
			isa = XCSwiftPackageProductDependency;
			package = 7A5571A42B3C384200E61CE0 /* XCRemoteSwiftPackageReference "Nuke" */;
			productName = Nuke;
		};
		7A5571A72B3C384200E61CE0 /* NukeExtensions */ = {
			isa = XCSwiftPackageProductDependency;
			package = 7A5571A42B3C384200E61CE0 /* XCRemoteSwiftPackageReference "Nuke" */;
			productName = NukeExtensions;
		};
		7A5571A92B3C384200E61CE0 /* NukeUI */ = {
			isa = XCSwiftPackageProductDependency;
			package = 7A5571A42B3C384200E61CE0 /* XCRemoteSwiftPackageReference "Nuke" */;
			productName = NukeUI;
		};
		7A5571AB2B3C384200E61CE0 /* NukeVideo */ = {
			isa = XCSwiftPackageProductDependency;
			package = 7A5571A42B3C384200E61CE0 /* XCRemoteSwiftPackageReference "Nuke" */;
			productName = NukeVideo;
		};
		7A7B763E2B3B221E007BDAFE /* Styleguide */ = {
			isa = XCSwiftPackageProductDependency;
			productName = Styleguide;
		};
		7A9598472B3A0409004C3A4E /* Styleguide */ = {
			isa = XCSwiftPackageProductDependency;
			productName = Styleguide;
		};
/* End XCSwiftPackageProductDependency section */
	};
	rootObject = 7A3188D32B3849E60044761B /* Project object */;
}
